PODS:
  - TesseractOCRiOS (3.4.0)

DEPENDENCIES:
  - TesseractOCRiOS (from `./tesseract/TesseractOCR-iOS-local`)

EXTERNAL SOURCES:
  TesseractOCRiOS:
    :path: "./tesseract/TesseractOCR-iOS-local"

SPEC CHECKSUMS:
  TesseractOCRiOS: f64d6d46b25f5709e35ea4055e87c612f0b85642

PODFILE CHECKSUM: a89df97b5c08f835bb963d9fc7ad1770511127df

COCOAPODS: 1.16.2
